
Microsoft Visual Studio Solution File, Format Version 12.00
Project("{FAE04EC0-301F-11D3-BF4B-00C04F79EFBC}") = "TwoSum", "TwoSum\TwoSum.csproj", "{7F67616C-84A5-45D4-BCA7-AEB2DB5C9069}"
EndProject
Project("{FAE04EC0-301F-11D3-BF4B-00C04F79EFBC}") = "IsPalindrome", "IsPalindrome\IsPalindrome.csproj", "{2DD447B6-4E4F-4E35-AD61-B48B0E0AFCA8}"
EndProject
Project("{FAE04EC0-301F-11D3-BF4B-00C04F79EFBC}") = "RomanToInt", "RomanToInt\RomanToInt.csproj", "{93FA0868-F6B0-493E-8A46-271688095A07}"
EndProject
Project("{FAE04EC0-301F-11D3-BF4B-00C04F79EFBC}") = "SearchInsertPosition", "SearchInsertPosition\SearchInsertPosition.csproj", "{D926AEC9-D92F-46ED-9115-904FC8321A7B}"
EndProject
Project("{FAE04EC0-301F-11D3-BF4B-00C04F79EFBC}") = "AddDigits", "AddDigits\AddDigits.csproj", "{A15E71B9-142B-4B31-BB91-53C665B9D1CC}"
EndProject
Project("{FAE04EC0-301F-11D3-BF4B-00C04F79EFBC}") = "FindIntersection", "FindIntersection\FindIntersection.csproj", "{E4548E4B-D427-47C3-BD1C-773954951F51}"
EndProject
Project("{FAE04EC0-301F-11D3-BF4B-00C04F79EFBC}") = "WordChain", "WordChain\WordChain.csproj", "{9D43582C-C8BD-48D7-8F2C-34ABCD8C71D3}"
EndProject
Project("{FAE04EC0-301F-11D3-BF4B-00C04F79EFBC}") = "RecurringCharacter", "RecurringCharacter\RecurringCharacter.csproj", "{CE95C5AD-5D9A-4B25-ACB9-780AF8C1B251}"
EndProject
Project("{FAE04EC0-301F-11D3-BF4B-00C04F79EFBC}") = "TotalDigitsNumber", "TotalDigitsNumber\TotalDigitsNumber.csproj", "{C861A37F-8285-4476-8C40-B159250F7ECC}"
EndProject
Project("{FAE04EC0-301F-11D3-BF4B-00C04F79EFBC}") = "PangramControl", "PangramControl\PangramControl.csproj", "{DA47E118-439D-422F-B5E9-A58F445BD0A7}"
EndProject
Global
	GlobalSection(SolutionConfigurationPlatforms) = preSolution
		Debug|Any CPU = Debug|Any CPU
		Release|Any CPU = Release|Any CPU
	EndGlobalSection
	GlobalSection(ProjectConfigurationPlatforms) = postSolution
		{7F67616C-84A5-45D4-BCA7-AEB2DB5C9069}.Debug|Any CPU.ActiveCfg = Debug|Any CPU
		{7F67616C-84A5-45D4-BCA7-AEB2DB5C9069}.Debug|Any CPU.Build.0 = Debug|Any CPU
		{7F67616C-84A5-45D4-BCA7-AEB2DB5C9069}.Release|Any CPU.ActiveCfg = Release|Any CPU
		{7F67616C-84A5-45D4-BCA7-AEB2DB5C9069}.Release|Any CPU.Build.0 = Release|Any CPU
		{2DD447B6-4E4F-4E35-AD61-B48B0E0AFCA8}.Debug|Any CPU.ActiveCfg = Debug|Any CPU
		{2DD447B6-4E4F-4E35-AD61-B48B0E0AFCA8}.Debug|Any CPU.Build.0 = Debug|Any CPU
		{2DD447B6-4E4F-4E35-AD61-B48B0E0AFCA8}.Release|Any CPU.ActiveCfg = Release|Any CPU
		{2DD447B6-4E4F-4E35-AD61-B48B0E0AFCA8}.Release|Any CPU.Build.0 = Release|Any CPU
		{93FA0868-F6B0-493E-8A46-271688095A07}.Debug|Any CPU.ActiveCfg = Debug|Any CPU
		{93FA0868-F6B0-493E-8A46-271688095A07}.Debug|Any CPU.Build.0 = Debug|Any CPU
		{93FA0868-F6B0-493E-8A46-271688095A07}.Release|Any CPU.ActiveCfg = Release|Any CPU
		{93FA0868-F6B0-493E-8A46-271688095A07}.Release|Any CPU.Build.0 = Release|Any CPU
		{D926AEC9-D92F-46ED-9115-904FC8321A7B}.Debug|Any CPU.ActiveCfg = Debug|Any CPU
		{D926AEC9-D92F-46ED-9115-904FC8321A7B}.Debug|Any CPU.Build.0 = Debug|Any CPU
		{D926AEC9-D92F-46ED-9115-904FC8321A7B}.Release|Any CPU.ActiveCfg = Release|Any CPU
		{D926AEC9-D92F-46ED-9115-904FC8321A7B}.Release|Any CPU.Build.0 = Release|Any CPU
		{A15E71B9-142B-4B31-BB91-53C665B9D1CC}.Debug|Any CPU.ActiveCfg = Debug|Any CPU
		{A15E71B9-142B-4B31-BB91-53C665B9D1CC}.Debug|Any CPU.Build.0 = Debug|Any CPU
		{A15E71B9-142B-4B31-BB91-53C665B9D1CC}.Release|Any CPU.ActiveCfg = Release|Any CPU
		{A15E71B9-142B-4B31-BB91-53C665B9D1CC}.Release|Any CPU.Build.0 = Release|Any CPU
		{E4548E4B-D427-47C3-BD1C-773954951F51}.Debug|Any CPU.ActiveCfg = Debug|Any CPU
		{E4548E4B-D427-47C3-BD1C-773954951F51}.Debug|Any CPU.Build.0 = Debug|Any CPU
		{E4548E4B-D427-47C3-BD1C-773954951F51}.Release|Any CPU.ActiveCfg = Release|Any CPU
		{E4548E4B-D427-47C3-BD1C-773954951F51}.Release|Any CPU.Build.0 = Release|Any CPU
		{9D43582C-C8BD-48D7-8F2C-34ABCD8C71D3}.Debug|Any CPU.ActiveCfg = Debug|Any CPU
		{9D43582C-C8BD-48D7-8F2C-34ABCD8C71D3}.Debug|Any CPU.Build.0 = Debug|Any CPU
		{9D43582C-C8BD-48D7-8F2C-34ABCD8C71D3}.Release|Any CPU.ActiveCfg = Release|Any CPU
		{9D43582C-C8BD-48D7-8F2C-34ABCD8C71D3}.Release|Any CPU.Build.0 = Release|Any CPU
		{CE95C5AD-5D9A-4B25-ACB9-780AF8C1B251}.Debug|Any CPU.ActiveCfg = Debug|Any CPU
		{CE95C5AD-5D9A-4B25-ACB9-780AF8C1B251}.Debug|Any CPU.Build.0 = Debug|Any CPU
		{CE95C5AD-5D9A-4B25-ACB9-780AF8C1B251}.Release|Any CPU.ActiveCfg = Release|Any CPU
		{CE95C5AD-5D9A-4B25-ACB9-780AF8C1B251}.Release|Any CPU.Build.0 = Release|Any CPU
		{C861A37F-8285-4476-8C40-B159250F7ECC}.Debug|Any CPU.ActiveCfg = Debug|Any CPU
		{C861A37F-8285-4476-8C40-B159250F7ECC}.Debug|Any CPU.Build.0 = Debug|Any CPU
		{C861A37F-8285-4476-8C40-B159250F7ECC}.Release|Any CPU.ActiveCfg = Release|Any CPU
		{C861A37F-8285-4476-8C40-B159250F7ECC}.Release|Any CPU.Build.0 = Release|Any CPU
		{DA47E118-439D-422F-B5E9-A58F445BD0A7}.Debug|Any CPU.ActiveCfg = Debug|Any CPU
		{DA47E118-439D-422F-B5E9-A58F445BD0A7}.Debug|Any CPU.Build.0 = Debug|Any CPU
		{DA47E118-439D-422F-B5E9-A58F445BD0A7}.Release|Any CPU.ActiveCfg = Release|Any CPU
		{DA47E118-439D-422F-B5E9-A58F445BD0A7}.Release|Any CPU.Build.0 = Release|Any CPU
	EndGlobalSection
EndGlobal
