
Microsoft Visual Studio Solution File, Format Version 12.00
Project("{FAE04EC0-301F-11D3-BF4B-00C04F79EFBC}") = "TwoSum", "TwoSum\TwoSum.csproj", "{7F67616C-84A5-45D4-BCA7-AEB2DB5C9069}"
EndProject
Project("{FAE04EC0-301F-11D3-BF4B-00C04F79EFBC}") = "IsPalindrome", "IsPalindrome\IsPalindrome.csproj", "{2DD447B6-4E4F-4E35-AD61-B48B0E0AFCA8}"
EndProject
Project("{FAE04EC0-301F-11D3-BF4B-00C04F79EFBC}") = "RomanToInt", "RomanToInt\RomanToInt.csproj", "{93FA0868-F6B0-493E-8A46-271688095A07}"
EndProject
Project("{FAE04EC0-301F-11D3-BF4B-00C04F79EFBC}") = "SearchInsertPosition", "SearchInsertPosition\SearchInsertPosition.csproj", "{D926AEC9-D92F-46ED-9115-904FC8321A7B}"
EndProject
Project("{FAE04EC0-301F-11D3-BF4B-00C04F79EFBC}") = "AddDigits", "AddDigits\AddDigits.csproj", "{A15E71B9-142B-4B31-BB91-53C665B9D1CC}"
EndProject
Global
	GlobalSection(SolutionConfigurationPlatforms) = preSolution
		Debug|Any CPU = Debug|Any CPU
		Release|Any CPU = Release|Any CPU
	EndGlobalSection
	GlobalSection(ProjectConfigurationPlatforms) = postSolution
		{7F67616C-84A5-45D4-BCA7-AEB2DB5C9069}.Debug|Any CPU.ActiveCfg = Debug|Any CPU
		{7F67616C-84A5-45D4-BCA7-AEB2DB5C9069}.Debug|Any CPU.Build.0 = Debug|Any CPU
		{7F67616C-84A5-45D4-BCA7-AEB2DB5C9069}.Release|Any CPU.ActiveCfg = Release|Any CPU
		{7F67616C-84A5-45D4-BCA7-AEB2DB5C9069}.Release|Any CPU.Build.0 = Release|Any CPU
		{2DD447B6-4E4F-4E35-AD61-B48B0E0AFCA8}.Debug|Any CPU.ActiveCfg = Debug|Any CPU
		{2DD447B6-4E4F-4E35-AD61-B48B0E0AFCA8}.Debug|Any CPU.Build.0 = Debug|Any CPU
		{2DD447B6-4E4F-4E35-AD61-B48B0E0AFCA8}.Release|Any CPU.ActiveCfg = Release|Any CPU
		{2DD447B6-4E4F-4E35-AD61-B48B0E0AFCA8}.Release|Any CPU.Build.0 = Release|Any CPU
		{93FA0868-F6B0-493E-8A46-271688095A07}.Debug|Any CPU.ActiveCfg = Debug|Any CPU
		{93FA0868-F6B0-493E-8A46-271688095A07}.Debug|Any CPU.Build.0 = Debug|Any CPU
		{93FA0868-F6B0-493E-8A46-271688095A07}.Release|Any CPU.ActiveCfg = Release|Any CPU
		{93FA0868-F6B0-493E-8A46-271688095A07}.Release|Any CPU.Build.0 = Release|Any CPU
		{D926AEC9-D92F-46ED-9115-904FC8321A7B}.Debug|Any CPU.ActiveCfg = Debug|Any CPU
		{D926AEC9-D92F-46ED-9115-904FC8321A7B}.Debug|Any CPU.Build.0 = Debug|Any CPU
		{D926AEC9-D92F-46ED-9115-904FC8321A7B}.Release|Any CPU.ActiveCfg = Release|Any CPU
		{D926AEC9-D92F-46ED-9115-904FC8321A7B}.Release|Any CPU.Build.0 = Release|Any CPU
		{A15E71B9-142B-4B31-BB91-53C665B9D1CC}.Debug|Any CPU.ActiveCfg = Debug|Any CPU
		{A15E71B9-142B-4B31-BB91-53C665B9D1CC}.Debug|Any CPU.Build.0 = Debug|Any CPU
		{A15E71B9-142B-4B31-BB91-53C665B9D1CC}.Release|Any CPU.ActiveCfg = Release|Any CPU
		{A15E71B9-142B-4B31-BB91-53C665B9D1CC}.Release|Any CPU.Build.0 = Release|Any CPU
	EndGlobalSection
EndGlobal
